
Microsoft Visual Studio Solution File, Format Version 12.00
# Visual Studio Version 17
VisualStudioVersion = 17.9.34622.214
MinimumVisualStudioVersion = 10.0.40219.1
Project("{FAE04EC0-301F-11D3-BF4B-00C04F79EFBC}") = "CMCS_Part1", "CMCS_Part1.csproj", "{FCF6D4AD-07AD-4BFD-9F7F-A4652FC11479}"
EndProject
Global
	GlobalSection(SolutionConfigurationPlatforms) = preSolution
		Debug|Any CPU = Debug|Any CPU
		Release|Any CPU = Release|Any CPU
	EndGlobalSection
	GlobalSection(ProjectConfigurationPlatforms) = postSolution
		{FCF6D4AD-07AD-4BFD-9F7F-A4652FC11479}.Debug|Any CPU.ActiveCfg = Debug|Any CPU
		{FCF6D4AD-07AD-4BFD-9F7F-A4652FC11479}.Debug|Any CPU.Build.0 = Debug|Any CPU
		{FCF6D4AD-07AD-4BFD-9F7F-A4652FC11479}.Release|Any CPU.ActiveCfg = Release|Any CPU
		{FCF6D4AD-07AD-4BFD-9F7F-A4652FC11479}.Release|Any CPU.Build.0 = Release|Any CPU
	EndGlobalSection
	GlobalSection(SolutionProperties) = preSolution
		HideSolutionNode = FALSE
	EndGlobalSection
	GlobalSection(ExtensibilityGlobals) = postSolution
		SolutionGuid = {D4C9EF85-1BB4-40AF-9CFC-3B975693FC2C}
	EndGlobalSection
EndGlobal
